
Microsoft Visual Studio Solution File, Format Version 12.00
Project("{FAE04EC0-301F-11D3-BF4B-00C04F79EFBC}") = "Tamagotchi.Domain", "Tamagotchi.Domain\Tamagotchi.Domain.csproj", "{7A898656-577D-4FD2-A52D-E1776751F519}"
EndProject
Project("{FAE04EC0-301F-11D3-BF4B-00C04F79EFBC}") = "Tamagotchi.Domain.Tests", "Tamagotchi.Domain.Tests\Tamagotchi.Domain.Tests.csproj", "{C00A4A31-E6B0-45FE-ABE0-0B648D7FF04B}"
EndProject
Global
	GlobalSection(SolutionConfigurationPlatforms) = preSolution
		Debug|Any CPU = Debug|Any CPU
		Release|Any CPU = Release|Any CPU
	EndGlobalSection
	GlobalSection(ProjectConfigurationPlatforms) = postSolution
		{7A898656-577D-4FD2-A52D-E1776751F519}.Debug|Any CPU.ActiveCfg = Debug|Any CPU
		{7A898656-577D-4FD2-A52D-E1776751F519}.Debug|Any CPU.Build.0 = Debug|Any CPU
		{7A898656-577D-4FD2-A52D-E1776751F519}.Release|Any CPU.ActiveCfg = Release|Any CPU
		{7A898656-577D-4FD2-A52D-E1776751F519}.Release|Any CPU.Build.0 = Release|Any CPU
		{C00A4A31-E6B0-45FE-ABE0-0B648D7FF04B}.Debug|Any CPU.ActiveCfg = Debug|Any CPU
		{C00A4A31-E6B0-45FE-ABE0-0B648D7FF04B}.Debug|Any CPU.Build.0 = Debug|Any CPU
		{C00A4A31-E6B0-45FE-ABE0-0B648D7FF04B}.Release|Any CPU.ActiveCfg = Release|Any CPU
		{C00A4A31-E6B0-45FE-ABE0-0B648D7FF04B}.Release|Any CPU.Build.0 = Release|Any CPU
	EndGlobalSection
EndGlobal
